
Microsoft Visual Studio Solution File, Format Version 12.00
# Visual Studio Version 16
VisualStudioVersion = 16.0.29519.87
MinimumVisualStudioVersion = 10.0.40219.1
Project("{FAE04EC0-301F-11D3-BF4B-00C04F79EFBC}") = "WebApplication1", "WebApplication1.csproj", "{A7363941-4B3E-4535-9E49-3CF2689A8222}"
EndProject
Global
	GlobalSection(SolutionConfigurationPlatforms) = preSolution
		Debug|Any CPU = Debug|Any CPU
		Release|Any CPU = Release|Any CPU
	EndGlobalSection
	GlobalSection(ProjectConfigurationPlatforms) = postSolution
		{A7363941-4B3E-4535-9E49-3CF2689A8222}.Debug|Any CPU.ActiveCfg = Debug|Any CPU
		{A7363941-4B3E-4535-9E49-3CF2689A8222}.Debug|Any CPU.Build.0 = Debug|Any CPU
		{A7363941-4B3E-4535-9E49-3CF2689A8222}.Release|Any CPU.ActiveCfg = Release|Any CPU
		{A7363941-4B3E-4535-9E49-3CF2689A8222}.Release|Any CPU.Build.0 = Release|Any CPU
	EndGlobalSection
	GlobalSection(SolutionProperties) = preSolution
		HideSolutionNode = FALSE
	EndGlobalSection
	GlobalSection(ExtensibilityGlobals) = postSolution
		SolutionGuid = {C2936BFF-BFAE-4A59-A49B-1304610A1506}
	EndGlobalSection
EndGlobal
